
Microsoft Visual Studio Solution File, Format Version 12.00
# Visual Studio 15
Project("{FAE04EC0-301F-11D3-BF4B-00C04F79EFBC}") = "NetworkMiner", "NetworkMiner\NetworkMiner.csproj", "{3A9BA43F-E9B0-46FF-8437-1FCE5A9373FD}"
EndProject
Project("{FAE04EC0-301F-11D3-BF4B-00C04F79EFBC}") = "PacketParser", "PacketParser\PacketParser.csproj", "{5BA74456-631B-4F99-AB49-AED79DF091E8}"
EndProject
Project("{FAE04EC0-301F-11D3-BF4B-00C04F79EFBC}") = "SharedUtils", "SharedUtils\SharedUtils.csproj", "{06690200-D2DA-49F5-A687-068163BBEEC4}"
EndProject
Project("{2150E333-8FDC-42A3-9474-1A3956D46DE8}") = "Project_Files", "Project_Files", "{38AAB075-6E2E-4522-B01D-1F49DBEB6F51}"
	ProjectSection(SolutionItems) = preProject
		.github\workflows\release_workflow.yml = .github\workflows\release_workflow.yml
		ChangeLog = ChangeLog
	EndProjectSection
EndProject
Global
	GlobalSection(SolutionConfigurationPlatforms) = preSolution
		Debug|x86 = Debug|x86
		Release|x86 = Release|x86
		Debug|Any CPU = Debug|Any CPU
		Release|Any CPU = Release|Any CPU
	EndGlobalSection
	GlobalSection(ProjectConfigurationPlatforms) = postSolution
		{3A9BA43F-E9B0-46FF-8437-1FCE5A9373FD}.Debug|Any CPU.ActiveCfg = Debug|Any CPU
		{3A9BA43F-E9B0-46FF-8437-1FCE5A9373FD}.Debug|Any CPU.Build.0 = Debug|Any CPU
		{3A9BA43F-E9B0-46FF-8437-1FCE5A9373FD}.Release|Any CPU.ActiveCfg = Release|Any CPU
		{3A9BA43F-E9B0-46FF-8437-1FCE5A9373FD}.Release|Any CPU.Build.0 = Release|Any CPU
		{5BA74456-631B-4F99-AB49-AED79DF091E8}.Debug|Any CPU.ActiveCfg = Debug|Any CPU
		{5BA74456-631B-4F99-AB49-AED79DF091E8}.Debug|Any CPU.Build.0 = Debug|Any CPU
		{5BA74456-631B-4F99-AB49-AED79DF091E8}.Release|Any CPU.ActiveCfg = Release|Any CPU
		{5BA74456-631B-4F99-AB49-AED79DF091E8}.Release|Any CPU.Build.0 = Release|Any CPU
		{06690200-D2DA-49F5-A687-068163BBEEC4}.Debug|Any CPU.ActiveCfg = Debug|Any CPU
		{06690200-D2DA-49F5-A687-068163BBEEC4}.Debug|Any CPU.Build.0 = Debug|Any CPU
		{06690200-D2DA-49F5-A687-068163BBEEC4}.Release|Any CPU.ActiveCfg = Release|Any CPU
		{06690200-D2DA-49F5-A687-068163BBEEC4}.Release|Any CPU.Build.0 = Release|Any CPU
	EndGlobalSection
EndGlobal
